{
  "name": "open-video-automation-framework",
  "version": "0.0.0",
  "lockfileVersion": 3,
  "requires": true,
  "packages": {
    "": {
      "name": "open-video-automation-framework",
      "version": "0.0.0",
      "workspaces": [
        "apps/*",
        "packages/*"
      ],
      "engines": {
        "node": ">=22.0.0",
        "npm": ">=10.0.0"
      }
    },
    "apps/api": {
      "name": "@ovaf/api",
      "version": "0.0.0"
    },
    "apps/web": {
      "name": "@ovaf/web",
      "version": "0.0.0"
    },
    "node_modules/@ovaf/api": {
      "resolved": "apps/api",
      "link": true
    },
    "node_modules/@ovaf/asset-manager": {
      "resolved": "packages/asset-manager",
      "link": true
    },
    "node_modules/@ovaf/config": {
      "resolved": "packages/config",
      "link": true
    },
    "node_modules/@ovaf/contracts": {
      "resolved": "packages/contracts",
      "link": true
    },
    "node_modules/@ovaf/core": {
      "resolved": "packages/core",
      "link": true
    },
    "node_modules/@ovaf/logger": {
      "resolved": "packages/logger",
      "link": true
    },
    "node_modules/@ovaf/providers": {
      "resolved": "packages/providers",
      "link": true
    },
    "node_modules/@ovaf/renderer-html": {
      "resolved": "packages/renderer-html",
      "link": true
    },
    "node_modules/@ovaf/timeline": {
      "resolved": "packages/timeline",
      "link": true
    },
    "node_modules/@ovaf/validator": {
      "resolved": "packages/validator",
      "link": true
    },
    "node_modules/@ovaf/web": {
      "resolved": "apps/web",
      "link": true
    },
    "packages/asset-manager": {
      "name": "@ovaf/asset-manager",
      "version": "0.0.0"
    },
    "packages/config": {
      "name": "@ovaf/config",
      "version": "0.0.0"
    },
    "packages/contracts": {
      "name": "@ovaf/contracts",
      "version": "0.0.0"
    },
    "packages/core": {
      "name": "@ovaf/core",
      "version": "0.0.0"
    },
    "packages/logger": {
      "name": "@ovaf/logger",
      "version": "0.0.0"
    },
    "packages/providers": {
      "name": "@ovaf/providers",
      "version": "0.0.0"
    },
    "packages/renderer-html": {
      "name": "@ovaf/renderer-html",
      "version": "0.0.0"
    },
    "packages/timeline": {
      "name": "@ovaf/timeline",
      "version": "0.0.0"
    },
    "packages/validator": {
      "name": "@ovaf/validator",
      "version": "0.0.0"
    }
  }
}
